// !$*UTF8*$!
{
	archiveVersion = 1;
	classes = {
	};
	objectVersion = 56;
	objects = {

/* Begin PBXBuildFile section */
		D85B6E512C3EA312004C90F3 /* AppDelegate.swift in Sources */ = {isa = PBXBuildFile; fileRef = D85B6E502C3EA312004C90F3 /* AppDelegate.swift */; };
		D85B6E532C3EA312004C90F3 /* SceneDelegate.swift in Sources */ = {isa = PBXBuildFile; fileRef = D85B6E522C3EA312004C90F3 /* SceneDelegate.swift */; };
		D85B6E552C3EA312004C90F3 /* ViewController.swift in Sources */ = {isa = PBXBuildFile; fileRef = D85B6E542C3EA312004C90F3 /* ViewController.swift */; };
		D85B6E582C3EA312004C90F3 /* Base in Resources */ = {isa = PBXBuildFile; fileRef = D85B6E572C3EA312004C90F3 /* Base */; };
		D85B6E5A2C3EA313004C90F3 /* Assets.xcassets in Resources */ = {isa = PBXBuildFile; fileRef = D85B6E592C3EA313004C90F3 /* Assets.xcassets */; };
		D85B6E5D2C3EA313004C90F3 /* Base in Resources */ = {isa = PBXBuildFile; fileRef = D85B6E5C2C3EA313004C90F3 /* Base */; };
		D85B6E662C3EA32F004C90F3 /* Alamofire in Frameworks */ = {isa = PBXBuildFile; productRef = D85B6E652C3EA32F004C90F3 /* Alamofire */; };
		D85B6E6C2C3EA368004C90F3 /* SnapKit in Frameworks */ = {isa = PBXBuildFile; productRef = D85B6E6B2C3EA368004C90F3 /* SnapKit */; };
		D85B6E6F2C3EA374004C90F3 /* Kingfisher in Frameworks */ = {isa = PBXBuildFile; productRef = D85B6E6E2C3EA374004C90F3 /* Kingfisher */; };
		D85B6E712C3EA3BB004C90F3 /* .gitignore in Resources */ = {isa = PBXBuildFile; fileRef = D85B6E702C3EA3BB004C90F3 /* .gitignore */; };
		D85B6E732C3EA3DA004C90F3 /* APIKey.swift in Sources */ = {isa = PBXBuildFile; fileRef = D85B6E722C3EA3DA004C90F3 /* APIKey.swift */; };
		D85B6E762C3EA4DF004C90F3 /* MainViewController.swift in Sources */ = {isa = PBXBuildFile; fileRef = D85B6E752C3EA4DF004C90F3 /* MainViewController.swift */; };
		D85B6E782C3EA4EF004C90F3 /* APIManager.swift in Sources */ = {isa = PBXBuildFile; fileRef = D85B6E772C3EA4EF004C90F3 /* APIManager.swift */; };
		D85B6E7A2C3EA5FF004C90F3 /* Weather.swift in Sources */ = {isa = PBXBuildFile; fileRef = D85B6E792C3EA5FF004C90F3 /* Weather.swift */; };
		D85B6E7C2C3ED636004C90F3 /* MainCollectionViewCell.swift in Sources */ = {isa = PBXBuildFile; fileRef = D85B6E7B2C3ED636004C90F3 /* MainCollectionViewCell.swift */; };
		D85B6E802C3ED656004C90F3 /* MainTableViewCell.swift in Sources */ = {isa = PBXBuildFile; fileRef = D85B6E7F2C3ED656004C90F3 /* MainTableViewCell.swift */; };
		D85B6E822C3EDF2B004C90F3 /* MainViewModel.swift in Sources */ = {isa = PBXBuildFile; fileRef = D85B6E812C3EDF2B004C90F3 /* MainViewModel.swift */; };
		D85B6E862C3EE0B2004C90F3 /* Obsevable.swift in Sources */ = {isa = PBXBuildFile; fileRef = D85B6E852C3EE0B2004C90F3 /* Obsevable.swift */; };
		D85B6E8A2C3EE8FD004C90F3 /* CuWeather.swift in Sources */ = {isa = PBXBuildFile; fileRef = D85B6E892C3EE8FD004C90F3 /* CuWeather.swift */; };
		D85B6E9B2C3FE741004C90F3 /* test.swift in Sources */ = {isa = PBXBuildFile; fileRef = D85B6E9A2C3FE741004C90F3 /* test.swift */; };
		D85B6E9E2C42679D004C90F3 /* FindViewController.swift in Sources */ = {isa = PBXBuildFile; fileRef = D85B6E9D2C42679D004C90F3 /* FindViewController.swift */; };
		D85B6EA12C426924004C90F3 /* MapViewController.swift in Sources */ = {isa = PBXBuildFile; fileRef = D85B6EA02C426924004C90F3 /* MapViewController.swift */; };
		D85B6EA32C427324004C90F3 /* FindTableViewCell.swift in Sources */ = {isa = PBXBuildFile; fileRef = D85B6EA22C427324004C90F3 /* FindTableViewCell.swift */; };
		D85B6EA92C43EA23004C90F3 /* CityList.json in Resources */ = {isa = PBXBuildFile; fileRef = D85B6EA82C43EA23004C90F3 /* CityList.json */; };
		D85B6EAD2C43EBD0004C90F3 /* City.swift in Sources */ = {isa = PBXBuildFile; fileRef = D85B6EAC2C43EBD0004C90F3 /* City.swift */; };
		D85B6EAF2C43EF8D004C90F3 /* FindViewModel.swift in Sources */ = {isa = PBXBuildFile; fileRef = D85B6EAE2C43EF8D004C90F3 /* FindViewModel.swift */; };
/* End PBXBuildFile section */

/* Begin PBXFileReference section */
		D85B6E4D2C3EA312004C90F3 /* MVVMmini.app */ = {isa = PBXFileReference; explicitFileType = wrapper.application; includeInIndex = 0; path = MVVMmini.app; sourceTree = BUILT_PRODUCTS_DIR; };
		D85B6E502C3EA312004C90F3 /* AppDelegate.swift */ = {isa = PBXFileReference; lastKnownFileType = sourcecode.swift; path = AppDelegate.swift; sourceTree = "<group>"; };
		D85B6E522C3EA312004C90F3 /* SceneDelegate.swift */ = {isa = PBXFileReference; lastKnownFileType = sourcecode.swift; path = SceneDelegate.swift; sourceTree = "<group>"; };
		D85B6E542C3EA312004C90F3 /* ViewController.swift */ = {isa = PBXFileReference; lastKnownFileType = sourcecode.swift; path = ViewController.swift; sourceTree = "<group>"; };
		D85B6E572C3EA312004C90F3 /* Base */ = {isa = PBXFileReference; lastKnownFileType = file.storyboard; name = Base; path = Base.lproj/Main.storyboard; sourceTree = "<group>"; };
		D85B6E592C3EA313004C90F3 /* Assets.xcassets */ = {isa = PBXFileReference; lastKnownFileType = folder.assetcatalog; path = Assets.xcassets; sourceTree = "<group>"; };
		D85B6E5C2C3EA313004C90F3 /* Base */ = {isa = PBXFileReference; lastKnownFileType = file.storyboard; name = Base; path = Base.lproj/LaunchScreen.storyboard; sourceTree = "<group>"; };
		D85B6E5E2C3EA313004C90F3 /* Info.plist */ = {isa = PBXFileReference; lastKnownFileType = text.plist.xml; path = Info.plist; sourceTree = "<group>"; };
		D85B6E702C3EA3BB004C90F3 /* .gitignore */ = {isa = PBXFileReference; lastKnownFileType = text; path = .gitignore; sourceTree = "<group>"; };
		D85B6E722C3EA3DA004C90F3 /* APIKey.swift */ = {isa = PBXFileReference; lastKnownFileType = sourcecode.swift; path = APIKey.swift; sourceTree = "<group>"; };
		D85B6E752C3EA4DF004C90F3 /* MainViewController.swift */ = {isa = PBXFileReference; lastKnownFileType = sourcecode.swift; path = MainViewController.swift; sourceTree = "<group>"; };
		D85B6E772C3EA4EF004C90F3 /* APIManager.swift */ = {isa = PBXFileReference; lastKnownFileType = sourcecode.swift; path = APIManager.swift; sourceTree = "<group>"; };
		D85B6E792C3EA5FF004C90F3 /* Weather.swift */ = {isa = PBXFileReference; lastKnownFileType = sourcecode.swift; path = Weather.swift; sourceTree = "<group>"; };
		D85B6E7B2C3ED636004C90F3 /* MainCollectionViewCell.swift */ = {isa = PBXFileReference; lastKnownFileType = sourcecode.swift; path = MainCollectionViewCell.swift; sourceTree = "<group>"; };
		D85B6E7F2C3ED656004C90F3 /* MainTableViewCell.swift */ = {isa = PBXFileReference; lastKnownFileType = sourcecode.swift; path = MainTableViewCell.swift; sourceTree = "<group>"; };
		D85B6E812C3EDF2B004C90F3 /* MainViewModel.swift */ = {isa = PBXFileReference; lastKnownFileType = sourcecode.swift; path = MainViewModel.swift; sourceTree = "<group>"; };
		D85B6E852C3EE0B2004C90F3 /* Obsevable.swift */ = {isa = PBXFileReference; lastKnownFileType = sourcecode.swift; path = Obsevable.swift; sourceTree = "<group>"; };
		D85B6E892C3EE8FD004C90F3 /* CuWeather.swift */ = {isa = PBXFileReference; lastKnownFileType = sourcecode.swift; path = CuWeather.swift; sourceTree = "<group>"; };
		D85B6E9A2C3FE741004C90F3 /* test.swift */ = {isa = PBXFileReference; lastKnownFileType = sourcecode.swift; path = test.swift; sourceTree = "<group>"; };
		D85B6E9D2C42679D004C90F3 /* FindViewController.swift */ = {isa = PBXFileReference; lastKnownFileType = sourcecode.swift; path = FindViewController.swift; sourceTree = "<group>"; };
		D85B6EA02C426924004C90F3 /* MapViewController.swift */ = {isa = PBXFileReference; lastKnownFileType = sourcecode.swift; path = MapViewController.swift; sourceTree = "<group>"; };
		D85B6EA22C427324004C90F3 /* FindTableViewCell.swift */ = {isa = PBXFileReference; lastKnownFileType = sourcecode.swift; path = FindTableViewCell.swift; sourceTree = "<group>"; };
		D85B6EA82C43EA23004C90F3 /* CityList.json */ = {isa = PBXFileReference; fileEncoding = 4; lastKnownFileType = text.json; path = CityList.json; sourceTree = "<group>"; };
		D85B6EAC2C43EBD0004C90F3 /* City.swift */ = {isa = PBXFileReference; lastKnownFileType = sourcecode.swift; path = City.swift; sourceTree = "<group>"; };
		D85B6EAE2C43EF8D004C90F3 /* FindViewModel.swift */ = {isa = PBXFileReference; lastKnownFileType = sourcecode.swift; path = FindViewModel.swift; sourceTree = "<group>"; };
/* End PBXFileReference section */

/* Begin PBXFrameworksBuildPhase section */
		D85B6E4A2C3EA312004C90F3 /* Frameworks */ = {
			isa = PBXFrameworksBuildPhase;
			buildActionMask = 2147483647;
			files = (
				D85B6E6F2C3EA374004C90F3 /* Kingfisher in Frameworks */,
				D85B6E6C2C3EA368004C90F3 /* SnapKit in Frameworks */,
				D85B6E662C3EA32F004C90F3 /* Alamofire in Frameworks */,
			);
			runOnlyForDeploymentPostprocessing = 0;
		};
/* End PBXFrameworksBuildPhase section */

/* Begin PBXGroup section */
		D85B6E442C3EA312004C90F3 = {
			isa = PBXGroup;
			children = (
				D85B6E702C3EA3BB004C90F3 /* .gitignore */,
				D85B6E4F2C3EA312004C90F3 /* MVVMmini */,
				D85B6E4E2C3EA312004C90F3 /* Products */,
			);
			sourceTree = "<group>";
		};
		D85B6E4E2C3EA312004C90F3 /* Products */ = {
			isa = PBXGroup;
			children = (
				D85B6E4D2C3EA312004C90F3 /* MVVMmini.app */,
			);
			name = Products;
			sourceTree = "<group>";
		};
		D85B6E4F2C3EA312004C90F3 /* MVVMmini */ = {
			isa = PBXGroup;
			children = (
				D85B6E852C3EE0B2004C90F3 /* Obsevable.swift */,
				D85B6E9F2C42691C004C90F3 /* Map */,
				D85B6E9C2C42678A004C90F3 /* Find */,
				D85B6E742C3EA4D7004C90F3 /* Main */,
				D85B6E502C3EA312004C90F3 /* AppDelegate.swift */,
				D85B6E522C3EA312004C90F3 /* SceneDelegate.swift */,
				D85B6E542C3EA312004C90F3 /* ViewController.swift */,
				D85B6E562C3EA312004C90F3 /* Main.storyboard */,
				D85B6E592C3EA313004C90F3 /* Assets.xcassets */,
				D85B6E5B2C3EA313004C90F3 /* LaunchScreen.storyboard */,
				D85B6E5E2C3EA313004C90F3 /* Info.plist */,
				D85B6E722C3EA3DA004C90F3 /* APIKey.swift */,
				D85B6E792C3EA5FF004C90F3 /* Weather.swift */,
				D85B6E892C3EE8FD004C90F3 /* CuWeather.swift */,
				D85B6E9A2C3FE741004C90F3 /* test.swift */,
				D85B6EA82C43EA23004C90F3 /* CityList.json */,
				D85B6EAC2C43EBD0004C90F3 /* City.swift */,
			);
			path = MVVMmini;
			sourceTree = "<group>";
		};
		D85B6E742C3EA4D7004C90F3 /* Main */ = {
			isa = PBXGroup;
			children = (
				D85B6E752C3EA4DF004C90F3 /* MainViewController.swift */,
				D85B6E772C3EA4EF004C90F3 /* APIManager.swift */,
				D85B6E7B2C3ED636004C90F3 /* MainCollectionViewCell.swift */,
				D85B6E7F2C3ED656004C90F3 /* MainTableViewCell.swift */,
				D85B6E812C3EDF2B004C90F3 /* MainViewModel.swift */,
			);
			path = Main;
			sourceTree = "<group>";
		};
		D85B6E9C2C42678A004C90F3 /* Find */ = {
			isa = PBXGroup;
			children = (
				D85B6E9D2C42679D004C90F3 /* FindViewController.swift */,
				D85B6EA22C427324004C90F3 /* FindTableViewCell.swift */,
				D85B6EAE2C43EF8D004C90F3 /* FindViewModel.swift */,
			);
			path = Find;
			sourceTree = "<group>";
		};
		D85B6E9F2C42691C004C90F3 /* Map */ = {
			isa = PBXGroup;
			children = (
				D85B6EA02C426924004C90F3 /* MapViewController.swift */,
			);
			path = Map;
			sourceTree = "<group>";
		};
/* End PBXGroup section */

/* Begin PBXNativeTarget section */
		D85B6E4C2C3EA312004C90F3 /* MVVMmini */ = {
			isa = PBXNativeTarget;
			buildConfigurationList = D85B6E612C3EA313004C90F3 /* Build configuration list for PBXNativeTarget "MVVMmini" */;
			buildPhases = (
				D85B6E492C3EA312004C90F3 /* Sources */,
				D85B6E4A2C3EA312004C90F3 /* Frameworks */,
				D85B6E4B2C3EA312004C90F3 /* Resources */,
			);
			buildRules = (
			);
			dependencies = (
			);
			name = MVVMmini;
			packageProductDependencies = (
				D85B6E652C3EA32F004C90F3 /* Alamofire */,
				D85B6E6B2C3EA368004C90F3 /* SnapKit */,
				D85B6E6E2C3EA374004C90F3 /* Kingfisher */,
			);
			productName = MVVMmini;
			productReference = D85B6E4D2C3EA312004C90F3 /* MVVMmini.app */;
			productType = "com.apple.product-type.application";
		};
/* End PBXNativeTarget section */

/* Begin PBXProject section */
		D85B6E452C3EA312004C90F3 /* Project object */ = {
			isa = PBXProject;
			attributes = {
				BuildIndependentTargetsInParallel = 1;
				LastSwiftUpdateCheck = 1540;
				LastUpgradeCheck = 1540;
				TargetAttributes = {
					D85B6E4C2C3EA312004C90F3 = {
						CreatedOnToolsVersion = 15.4;
					};
				};
			};
			buildConfigurationList = D85B6E482C3EA312004C90F3 /* Build configuration list for PBXProject "MVVMmini" */;
			compatibilityVersion = "Xcode 14.0";
			developmentRegion = en;
			hasScannedForEncodings = 0;
			knownRegions = (
				en,
				Base,
			);
			mainGroup = D85B6E442C3EA312004C90F3;
			packageReferences = (
				D85B6E642C3EA32F004C90F3 /* XCRemoteSwiftPackageReference "Alamofire" */,
				D85B6E6A2C3EA368004C90F3 /* XCRemoteSwiftPackageReference "SnapKit" */,
				D85B6E6D2C3EA374004C90F3 /* XCRemoteSwiftPackageReference "Kingfisher" */,
			);
			productRefGroup = D85B6E4E2C3EA312004C90F3 /* Products */;
			projectDirPath = "";
			projectRoot = "";
			targets = (
				D85B6E4C2C3EA312004C90F3 /* MVVMmini */,
			);
		};
/* End PBXProject section */

/* Begin PBXResourcesBuildPhase section */
		D85B6E4B2C3EA312004C90F3 /* Resources */ = {
			isa = PBXResourcesBuildPhase;
			buildActionMask = 2147483647;
			files = (
				D85B6EA92C43EA23004C90F3 /* CityList.json in Resources */,
				D85B6E712C3EA3BB004C90F3 /* .gitignore in Resources */,
				D85B6E5A2C3EA313004C90F3 /* Assets.xcassets in Resources */,
				D85B6E5D2C3EA313004C90F3 /* Base in Resources */,
				D85B6E582C3EA312004C90F3 /* Base in Resources */,
			);
			runOnlyForDeploymentPostprocessing = 0;
		};
/* End PBXResourcesBuildPhase section */

/* Begin PBXSourcesBuildPhase section */
		D85B6E492C3EA312004C90F3 /* Sources */ = {
			isa = PBXSourcesBuildPhase;
			buildActionMask = 2147483647;
			files = (
				D85B6E782C3EA4EF004C90F3 /* APIManager.swift in Sources */,
				D85B6EAF2C43EF8D004C90F3 /* FindViewModel.swift in Sources */,
				D85B6E802C3ED656004C90F3 /* MainTableViewCell.swift in Sources */,
				D85B6EAD2C43EBD0004C90F3 /* City.swift in Sources */,
				D85B6E552C3EA312004C90F3 /* ViewController.swift in Sources */,
				D85B6E8A2C3EE8FD004C90F3 /* CuWeather.swift in Sources */,
				D85B6E512C3EA312004C90F3 /* AppDelegate.swift in Sources */,
				D85B6E9E2C42679D004C90F3 /* FindViewController.swift in Sources */,
				D85B6EA32C427324004C90F3 /* FindTableViewCell.swift in Sources */,
				D85B6E7C2C3ED636004C90F3 /* MainCollectionViewCell.swift in Sources */,
				D85B6E822C3EDF2B004C90F3 /* MainViewModel.swift in Sources */,
				D85B6E732C3EA3DA004C90F3 /* APIKey.swift in Sources */,
				D85B6E532C3EA312004C90F3 /* SceneDelegate.swift in Sources */,
				D85B6E862C3EE0B2004C90F3 /* Obsevable.swift in Sources */,
				D85B6E762C3EA4DF004C90F3 /* MainViewController.swift in Sources */,
				D85B6E7A2C3EA5FF004C90F3 /* Weather.swift in Sources */,
				D85B6E9B2C3FE741004C90F3 /* test.swift in Sources */,
				D85B6EA12C426924004C90F3 /* MapViewController.swift in Sources */,
			);
			runOnlyForDeploymentPostprocessing = 0;
		};
/* End PBXSourcesBuildPhase section */

/* Begin PBXVariantGroup section */
		D85B6E562C3EA312004C90F3 /* Main.storyboard */ = {
			isa = PBXVariantGroup;
			children = (
				D85B6E572C3EA312004C90F3 /* Base */,
			);
			name = Main.storyboard;
			sourceTree = "<group>";
		};
		D85B6E5B2C3EA313004C90F3 /* LaunchScreen.storyboard */ = {
			isa = PBXVariantGroup;
			children = (
				D85B6E5C2C3EA313004C90F3 /* Base */,
			);
			name = LaunchScreen.storyboard;
			sourceTree = "<group>";
		};
/* End PBXVariantGroup section */

/* Begin XCBuildConfiguration section */
		D85B6E5F2C3EA313004C90F3 /* Debug */ = {
			isa = XCBuildConfiguration;
			buildSettings = {
				ALWAYS_SEARCH_USER_PATHS = NO;
				ASSETCATALOG_COMPILER_GENERATE_SWIFT_ASSET_SYMBOL_EXTENSIONS = YES;
				CLANG_ANALYZER_NONNULL = YES;
				CLANG_ANALYZER_NUMBER_OBJECT_CONVERSION = YES_AGGRESSIVE;
				CLANG_CXX_LANGUAGE_STANDARD = "gnu++20";
				CLANG_ENABLE_MODULES = YES;
				CLANG_ENABLE_OBJC_ARC = YES;
				CLANG_ENABLE_OBJC_WEAK = YES;
				CLANG_WARN_BLOCK_CAPTURE_AUTORELEASING = YES;
				CLANG_WARN_BOOL_CONVERSION = YES;
				CLANG_WARN_COMMA = YES;
				CLANG_WARN_CONSTANT_CONVERSION = YES;
				CLANG_WARN_DEPRECATED_OBJC_IMPLEMENTATIONS = YES;
				CLANG_WARN_DIRECT_OBJC_ISA_USAGE = YES_ERROR;
				CLANG_WARN_DOCUMENTATION_COMMENTS = YES;
				CLANG_WARN_EMPTY_BODY = YES;
				CLANG_WARN_ENUM_CONVERSION = YES;
				CLANG_WARN_INFINITE_RECURSION = YES;
				CLANG_WARN_INT_CONVERSION = YES;
				CLANG_WARN_NON_LITERAL_NULL_CONVERSION = YES;
				CLANG_WARN_OBJC_IMPLICIT_RETAIN_SELF = YES;
				CLANG_WARN_OBJC_LITERAL_CONVERSION = YES;
				CLANG_WARN_OBJC_ROOT_CLASS = YES_ERROR;
				CLANG_WARN_QUOTED_INCLUDE_IN_FRAMEWORK_HEADER = YES;
				CLANG_WARN_RANGE_LOOP_ANALYSIS = YES;
				CLANG_WARN_STRICT_PROTOTYPES = YES;
				CLANG_WARN_SUSPICIOUS_MOVE = YES;
				CLANG_WARN_UNGUARDED_AVAILABILITY = YES_AGGRESSIVE;
				CLANG_WARN_UNREACHABLE_CODE = YES;
				CLANG_WARN__DUPLICATE_METHOD_MATCH = YES;
				COPY_PHASE_STRIP = NO;
				DEBUG_INFORMATION_FORMAT = dwarf;
				ENABLE_STRICT_OBJC_MSGSEND = YES;
				ENABLE_TESTABILITY = YES;
				ENABLE_USER_SCRIPT_SANDBOXING = YES;
				GCC_C_LANGUAGE_STANDARD = gnu17;
				GCC_DYNAMIC_NO_PIC = NO;
				GCC_NO_COMMON_BLOCKS = YES;
				GCC_OPTIMIZATION_LEVEL = 0;
				GCC_PREPROCESSOR_DEFINITIONS = (
					"DEBUG=1",
					"$(inherited)",
				);
				GCC_WARN_64_TO_32_BIT_CONVERSION = YES;
				GCC_WARN_ABOUT_RETURN_TYPE = YES_ERROR;
				GCC_WARN_UNDECLARED_SELECTOR = YES;
				GCC_WARN_UNINITIALIZED_AUTOS = YES_AGGRESSIVE;
				GCC_WARN_UNUSED_FUNCTION = YES;
				GCC_WARN_UNUSED_VARIABLE = YES;
				IPHONEOS_DEPLOYMENT_TARGET = 17.5;
				LOCALIZATION_PREFERS_STRING_CATALOGS = YES;
				MTL_ENABLE_DEBUG_INFO = INCLUDE_SOURCE;
				MTL_FAST_MATH = YES;
				ONLY_ACTIVE_ARCH = YES;
				SDKROOT = iphoneos;
				SWIFT_ACTIVE_COMPILATION_CONDITIONS = "DEBUG $(inherited)";
				SWIFT_OPTIMIZATION_LEVEL = "-Onone";
			};
			name = Debug;
		};
		D85B6E602C3EA313004C90F3 /* Release */ = {
			isa = XCBuildConfiguration;
			buildSettings = {
				ALWAYS_SEARCH_USER_PATHS = NO;
				ASSETCATALOG_COMPILER_GENERATE_SWIFT_ASSET_SYMBOL_EXTENSIONS = YES;
				CLANG_ANALYZER_NONNULL = YES;
				CLANG_ANALYZER_NUMBER_OBJECT_CONVERSION = YES_AGGRESSIVE;
				CLANG_CXX_LANGUAGE_STANDARD = "gnu++20";
				CLANG_ENABLE_MODULES = YES;
				CLANG_ENABLE_OBJC_ARC = YES;
				CLANG_ENABLE_OBJC_WEAK = YES;
				CLANG_WARN_BLOCK_CAPTURE_AUTORELEASING = YES;
				CLANG_WARN_BOOL_CONVERSION = YES;
				CLANG_WARN_COMMA = YES;
				CLANG_WARN_CONSTANT_CONVERSION = YES;
				CLANG_WARN_DEPRECATED_OBJC_IMPLEMENTATIONS = YES;
				CLANG_WARN_DIRECT_OBJC_ISA_USAGE = YES_ERROR;
				CLANG_WARN_DOCUMENTATION_COMMENTS = YES;
				CLANG_WARN_EMPTY_BODY = YES;
				CLANG_WARN_ENUM_CONVERSION = YES;
				CLANG_WARN_INFINITE_RECURSION = YES;
				CLANG_WARN_INT_CONVERSION = YES;
				CLANG_WARN_NON_LITERAL_NULL_CONVERSION = YES;
				CLANG_WARN_OBJC_IMPLICIT_RETAIN_SELF = YES;
				CLANG_WARN_OBJC_LITERAL_CONVERSION = YES;
				CLANG_WARN_OBJC_ROOT_CLASS = YES_ERROR;
				CLANG_WARN_QUOTED_INCLUDE_IN_FRAMEWORK_HEADER = YES;
				CLANG_WARN_RANGE_LOOP_ANALYSIS = YES;
				CLANG_WARN_STRICT_PROTOTYPES = YES;
				CLANG_WARN_SUSPICIOUS_MOVE = YES;
				CLANG_WARN_UNGUARDED_AVAILABILITY = YES_AGGRESSIVE;
				CLANG_WARN_UNREACHABLE_CODE = YES;
				CLANG_WARN__DUPLICATE_METHOD_MATCH = YES;
				COPY_PHASE_STRIP = NO;
				DEBUG_INFORMATION_FORMAT = "dwarf-with-dsym";
				ENABLE_NS_ASSERTIONS = NO;
				ENABLE_STRICT_OBJC_MSGSEND = YES;
				ENABLE_USER_SCRIPT_SANDBOXING = YES;
				GCC_C_LANGUAGE_STANDARD = gnu17;
				GCC_NO_COMMON_BLOCKS = YES;
				GCC_WARN_64_TO_32_BIT_CONVERSION = YES;
				GCC_WARN_ABOUT_RETURN_TYPE = YES_ERROR;
				GCC_WARN_UNDECLARED_SELECTOR = YES;
				GCC_WARN_UNINITIALIZED_AUTOS = YES_AGGRESSIVE;
				GCC_WARN_UNUSED_FUNCTION = YES;
				GCC_WARN_UNUSED_VARIABLE = YES;
				IPHONEOS_DEPLOYMENT_TARGET = 17.5;
				LOCALIZATION_PREFERS_STRING_CATALOGS = YES;
				MTL_ENABLE_DEBUG_INFO = NO;
				MTL_FAST_MATH = YES;
				SDKROOT = iphoneos;
				SWIFT_COMPILATION_MODE = wholemodule;
				VALIDATE_PRODUCT = YES;
			};
			name = Release;
		};
		D85B6E622C3EA313004C90F3 /* Debug */ = {
			isa = XCBuildConfiguration;
			buildSettings = {
				ASSETCATALOG_COMPILER_APPICON_NAME = AppIcon;
				ASSETCATALOG_COMPILER_GLOBAL_ACCENT_COLOR_NAME = AccentColor;
				CODE_SIGN_STYLE = Automatic;
				CURRENT_PROJECT_VERSION = 1;
				GENERATE_INFOPLIST_FILE = YES;
				INFOPLIST_FILE = MVVMmini/Info.plist;
				INFOPLIST_KEY_UIApplicationSupportsIndirectInputEvents = YES;
				INFOPLIST_KEY_UILaunchStoryboardName = LaunchScreen;
				INFOPLIST_KEY_UIMainStoryboardFile = Main;
				INFOPLIST_KEY_UISupportedInterfaceOrientations = UIInterfaceOrientationPortrait;
				INFOPLIST_KEY_UISupportedInterfaceOrientations_iPad = "UIInterfaceOrientationLandscapeLeft UIInterfaceOrientationLandscapeRight UIInterfaceOrientationPortrait UIInterfaceOrientationPortraitUpsideDown";
				IPHONEOS_DEPLOYMENT_TARGET = 17.0;
				LD_RUNPATH_SEARCH_PATHS = (
					"$(inherited)",
					"@executable_path/Frameworks",
				);
				MARKETING_VERSION = 1.0;
				PRODUCT_BUNDLE_IDENTIFIER = com.sesac.MVVMmini;
				PRODUCT_NAME = "$(TARGET_NAME)";
				SUPPORTED_PLATFORMS = "iphoneos iphonesimulator";
				SUPPORTS_MACCATALYST = NO;
				SUPPORTS_MAC_DESIGNED_FOR_IPHONE_IPAD = NO;
				SUPPORTS_XR_DESIGNED_FOR_IPHONE_IPAD = NO;
				SWIFT_EMIT_LOC_STRINGS = YES;
				SWIFT_VERSION = 5.0;
				TARGETED_DEVICE_FAMILY = 1;
			};
			name = Debug;
		};
		D85B6E632C3EA313004C90F3 /* Release */ = {
			isa = XCBuildConfiguration;
			buildSettings = {
				ASSETCATALOG_COMPILER_APPICON_NAME = AppIcon;
				ASSETCATALOG_COMPILER_GLOBAL_ACCENT_COLOR_NAME = AccentColor;
				CODE_SIGN_STYLE = Automatic;
				CURRENT_PROJECT_VERSION = 1;
				GENERATE_INFOPLIST_FILE = YES;
				INFOPLIST_FILE = MVVMmini/Info.plist;
				INFOPLIST_KEY_UIApplicationSupportsIndirectInputEvents = YES;
				INFOPLIST_KEY_UILaunchStoryboardName = LaunchScreen;
				INFOPLIST_KEY_UIMainStoryboardFile = Main;
				INFOPLIST_KEY_UISupportedInterfaceOrientations = UIInterfaceOrientationPortrait;
				INFOPLIST_KEY_UISupportedInterfaceOrientations_iPad = "UIInterfaceOrientationLandscapeLeft UIInterfaceOrientationLandscapeRight UIInterfaceOrientationPortrait UIInterfaceOrientationPortraitUpsideDown";
				IPHONEOS_DEPLOYMENT_TARGET = 17.0;
				LD_RUNPATH_SEARCH_PATHS = (
					"$(inherited)",
					"@executable_path/Frameworks",
				);
				MARKETING_VERSION = 1.0;
				PRODUCT_BUNDLE_IDENTIFIER = com.sesac.MVVMmini;
				PRODUCT_NAME = "$(TARGET_NAME)";
				SUPPORTED_PLATFORMS = "iphoneos iphonesimulator";
				SUPPORTS_MACCATALYST = NO;
				SUPPORTS_MAC_DESIGNED_FOR_IPHONE_IPAD = NO;
				SUPPORTS_XR_DESIGNED_FOR_IPHONE_IPAD = NO;
				SWIFT_EMIT_LOC_STRINGS = YES;
				SWIFT_VERSION = 5.0;
				TARGETED_DEVICE_FAMILY = 1;
			};
			name = Release;
		};
/* End XCBuildConfiguration section */

/* Begin XCConfigurationList section */
		D85B6E482C3EA312004C90F3 /* Build configuration list for PBXProject "MVVMmini" */ = {
			isa = XCConfigurationList;
			buildConfigurations = (
				D85B6E5F2C3EA313004C90F3 /* Debug */,
				D85B6E602C3EA313004C90F3 /* Release */,
			);
			defaultConfigurationIsVisible = 0;
			defaultConfigurationName = Release;
		};
		D85B6E612C3EA313004C90F3 /* Build configuration list for PBXNativeTarget "MVVMmini" */ = {
			isa = XCConfigurationList;
			buildConfigurations = (
				D85B6E622C3EA313004C90F3 /* Debug */,
				D85B6E632C3EA313004C90F3 /* Release */,
			);
			defaultConfigurationIsVisible = 0;
			defaultConfigurationName = Release;
		};
/* End XCConfigurationList section */

/* Begin XCRemoteSwiftPackageReference section */
		D85B6E642C3EA32F004C90F3 /* XCRemoteSwiftPackageReference "Alamofire" */ = {
			isa = XCRemoteSwiftPackageReference;
			repositoryURL = "https://github.com/Alamofire/Alamofire.git";
			requirement = {
				kind = upToNextMajorVersion;
				minimumVersion = 5.9.1;
			};
		};
		D85B6E6A2C3EA368004C90F3 /* XCRemoteSwiftPackageReference "SnapKit" */ = {
			isa = XCRemoteSwiftPackageReference;
			repositoryURL = "https://github.com/SnapKit/SnapKit.git";
			requirement = {
				kind = upToNextMajorVersion;
				minimumVersion = 5.7.1;
			};
		};
		D85B6E6D2C3EA374004C90F3 /* XCRemoteSwiftPackageReference "Kingfisher" */ = {
			isa = XCRemoteSwiftPackageReference;
			repositoryURL = "https://github.com/onevcat/Kingfisher.git";
			requirement = {
				kind = upToNextMajorVersion;
				minimumVersion = 7.12.0;
			};
		};
/* End XCRemoteSwiftPackageReference section */

/* Begin XCSwiftPackageProductDependency section */
		D85B6E652C3EA32F004C90F3 /* Alamofire */ = {
			isa = XCSwiftPackageProductDependency;
			package = D85B6E642C3EA32F004C90F3 /* XCRemoteSwiftPackageReference "Alamofire" */;
			productName = Alamofire;
		};
		D85B6E6B2C3EA368004C90F3 /* SnapKit */ = {
			isa = XCSwiftPackageProductDependency;
			package = D85B6E6A2C3EA368004C90F3 /* XCRemoteSwiftPackageReference "SnapKit" */;
			productName = SnapKit;
		};
		D85B6E6E2C3EA374004C90F3 /* Kingfisher */ = {
			isa = XCSwiftPackageProductDependency;
			package = D85B6E6D2C3EA374004C90F3 /* XCRemoteSwiftPackageReference "Kingfisher" */;
			productName = Kingfisher;
		};
/* End XCSwiftPackageProductDependency section */
	};
	rootObject = D85B6E452C3EA312004C90F3 /* Project object */;
}
